github.com/budimanjojo/talhelper/v3 v3.0.2 h1:nKhLWuYQ9kiT+13AICS9ko7B1Kub7Jgu/FngNvn3H/w=
github.com/budimanjojo/talhelper/v3 v3.0.2/go.mod h1:90B+ZKXMWkcat9T1O6mBTkyjc8cvW+78Ewj9lahBqho=
github.com/budimanjojo/talhelper/v3 v3.0.3 h1:C/UIso8QGeVrPXkIeA2uyh48z3R5LaqvWSgbiK/er24=
github.com/budimanjojo/talhelper/v3 v3.0.3/go.mod h1:I0bBBCfQQYArTH6pya29k1o1QLQOTGthq5QtFYyeaHg=
github.com/budimanjojo/talhelper/v3 v3.0.4 h1:DhYlmHW9xe8FtIpqDMMZfuErbOeWXdnpCc31HF6VAg0=
github.com/budimanjojo/talhelper/v3 v3.0.4/go.mod h1:I0bBBCfQQYArTH6pya29k1o1QLQOTGthq5QtFYyeaHg=
github.com/budimanjojo/talhelper/v3 v3.0.5 h1:QGti2h/HcnIPU4zsloe0RlUzFgrlYG/oRBIPUtGYD90=
github.com/budimanjojo/talhelper/v3 v3.0.5/go.mod h1:/5yN284hjlP9I0nTwaNa/yG7jqWbjySifkPc5da1QN0=
github.com/budimanjojo/talhelper/v3 v3.0.6 h1:kBTu6tItdrKzw1+Wj37MDQ65+W/vy51qhS4oBWKMNFw=
github.com/budimanjojo/talhelper/v3 v3.0.6/go.mod h1:MfTNTo0zQkvNIlfgGGSs7GbVTgEp/ucWEMIBigbQyQw=
github.com/budimanjojo/talhelper/v3 v3.0.7 h1:3I1YOsY4/KbvcH67UsfYdnf+KBPaghGauxySi+vflDc=
github.com/budimanjojo/talhelper/v3 v3.0.7/go.mod h1:PZOabyESfd1CuOZ8S67rJg9X38+Ls7YYMLScaxU89d4=
github.com/budimanjojo/talhelper/v3 v3.0.8 h1:O57FZ/thXRYGyCb+XFmAis0L7yk2exvjQ3/SjnCCpgI=
github.com/budimanjojo/talhelper/v3 v3.0.8/go.mod h1:lPpM6B6aMCQSIZxX3MaWHfTgpSFoAlqYhyAQWhmtkQs=
github.com/budimanjojo/talhelper/v3 v3.0.9 h1:RvcEVu1u/+MHsss3nnkzlo9ZH8KkgwEE2MOzCfkiYSE=
github.com/budimanjojo/talhelper/v3 v3.0.9/go.mod h1:5UQliDkf4mxTvFGnR/4wmGDW2bZiYIpZzqFNT4cS7ks=
github.com/budimanjojo/talhelper/v3 v3.0.10 h1:WiAhGSwMgsmcqr0euGVtqZh0rJDrrZf5uFikez+AVtA=
github.com/budimanjojo/talhelper/v3 v3.0.10/go.mod h1:UB5a/TjKq46W2e9MEKOaHoX/78dVwFRD53vqUxbaOz8=
github.com/budimanjojo/talhelper/v3 v3.0.11 h1:vtui+fYbJbe6qTxV4GCHXrL8KuHyRduYT2uwXyNMUT4=
github.com/budimanjojo/talhelper/v3 v3.0.11/go.mod h1:Y8SB6z+rTrgdnIFnupkdhiQGAaqZU6c9Hkuyxjqi3L4=
github.com/budimanjojo/talhelper/v3 v3.0.12 h1:T+GPsN/qNDgduTf18pFZqTV1H0q5E8fL+UgffOH/CSQ=
github.com/budimanjojo/talhelper/v3 v3.0.12/go.mod h1:Y8SB6z+rTrgdnIFnupkdhiQGAaqZU6c9Hkuyxjqi3L4=
github.com/budimanjojo/talhelper/v3 v3.0.13 h1:3EHZUJd/sUM8+M7k0mBDnkOBLMY98Pb/VPXMK0nfNsw=
github.com/budimanjojo/talhelper/v3 v3.0.13/go.mod h1:SP89ZO9OcEADIel+yB0xmnnMlRkOTyoOm/JP07gaXUM=
github.com/budimanjojo/talhelper/v3 v3.0.14 h1:bPv17guX0YTvWdPD669ygsThSyVRFkuPkW7KWVUFgHI=
github.com/budimanjojo/talhelper/v3 v3.0.14/go.mod h1:ZGFtzYaeZXAeIl8UvnI9zQD1ckqztJeUDr4uOadXpzU=
github.com/budimanjojo/talhelper/v3 v3.0.15 h1:9eDQpljd701Mjr7XDSGCtn8bgg2Mr5uDhYB59QEEOdo=
github.com/budimanjojo/talhelper/v3 v3.0.15/go.mod h1:HhlO7hFoq6q5FTaqxdT1stsCfxoa3/y1fbwwMOyng9Y=
github.com/budimanjojo/talhelper/v3 v3.0.16 h1:o3ueohB8bzl1XfPzxb+I+zB5G0wqtf32eOU87qCiDLU=
github.com/budimanjojo/talhelper/v3 v3.0.16/go.mod h1:8Ai0qADRwTsZC2+Pqmv4C7baA6gKPA5ctSf45ASmAqo=
github.com/budimanjojo/talhelper/v3 v3.0.17 h1:bA3A0WD9Yk1sL+KI+qgZkh9wc4o3vJsJSiIwkMs99lI=
github.com/budimanjojo/talhelper/v3 v3.0.17/go.mod h1:Bu+yhV01RSIteHvyHg4wpGGKb05lZK9xrPKqUce1ucE=
github.com/budimanjojo/talhelper/v3 v3.0.18 h1:xk0RZrAORY2mmhATHz4x+4gtq8dKCSRyd7rnZLMs6dU=
github.com/budimanjojo/talhelper/v3 v3.0.18/go.mod h1:8VSunY2o4mQ3Ts+Y7BIL49SPUx5dy30ZIVYDpnPQOL0=
github.com/budimanjojo/talhelper/v3 v3.0.19 h1:/JtWJozufmUnxa/9ukEvuPoATVa+81bESGsFMMG8rBw=
github.com/budimanjojo/talhelper/v3 v3.0.19/go.mod h1:8VSunY2o4mQ3Ts+Y7BIL49SPUx5dy30ZIVYDpnPQOL0=
github.com/budimanjojo/talhelper/v3 v3.0.20 h1:aBeqWlhzQsfoDOhVSA5oYS6DI9/Dpx7ZGYu93mL6o/Y=
github.com/budimanjojo/talhelper/v3 v3.0.20/go.mod h1:roUIe+1U/a53+9+x99ccPtdArS8EQM5Gs07Y5Lu2PvY=
github.com/budimanjojo/talhelper/v3 v3.0.21 h1:Unx87M3rA684X8Kp1a9bYvQnAD/UBgHCuT78mkQfctg=
github.com/budimanjojo/talhelper/v3 v3.0.21/go.mod h1:roUIe+1U/a53+9+x99ccPtdArS8EQM5Gs07Y5Lu2PvY=
github.com/budimanjojo/talhelper/v3 v3.0.22 h1:0rG1XUfqcjpsMIn9M5sM2YrobEXT90nMxg+HWB4CNDw=
github.com/budimanjojo/talhelper/v3 v3.0.22/go.mod h1:COV7jyUwj2exEEbexoWTbDnkC+Gyv007KDb2hWtw+4M=
github.com/budimanjojo/talhelper/v3 v3.0.23 h1:3Ss/6IwgfYQF+f/BF0/yq5mCnek+T7GiieZoXpZjy9g=
github.com/budimanjojo/talhelper/v3 v3.0.23/go.mod h1:fBncjaNXApgPA9OSWsHl7pSEoTAavh2jxGhPimsb98g=
github.com/budimanjojo/talhelper/v3 v3.0.24 h1:wdclRwMTR/cTW/0jyVJj2albpWYM/MxCLuOvxw+mUp8=
github.com/budimanjojo/talhelper/v3 v3.0.24/go.mod h1:fBncjaNXApgPA9OSWsHl7pSEoTAavh2jxGhPimsb98g=
github.com/budimanjojo/talhelper/v3 v3.0.25 h1:1Ke+kPilaCVpKLy4noaUXee74M62rzWJdrjaBKVNErY=
github.com/budimanjojo/talhelper/v3 v3.0.25/go.mod h1:fBncjaNXApgPA9OSWsHl7pSEoTAavh2jxGhPimsb98g=
github.com/budimanjojo/talhelper/v3 v3.0.26 h1:SICF6auUgCJNcaR71ipDu8A/UF7UN0JulZAo572y2DU=
github.com/budimanjojo/talhelper/v3 v3.0.26/go.mod h1:fBncjaNXApgPA9OSWsHl7pSEoTAavh2jxGhPimsb98g=
github.com/budimanjojo/talhelper/v3 v3.0.27 h1:zqadTrdh0Tny31VojtwZzGQRbwmxm92WpoYf5aLWBT8=
github.com/budimanjojo/talhelper/v3 v3.0.27/go.mod h1:xFKKirlORIedCDV3h3ybHkjbNYlp7SVEC4CHAn+0sYU=
github.com/budimanjojo/talhelper/v3 v3.0.28 h1:5nXpsHLD/hON6DK+Dr/ubxgKFuRK/Uk/FpCMQm1I4IM=
github.com/budimanjojo/talhelper/v3 v3.0.28/go.mod h1:xFKKirlORIedCDV3h3ybHkjbNYlp7SVEC4CHAn+0sYU=
github.com/budimanjojo/talhelper/v3 v3.0.29 h1:rlZWyW4mUK7LFXWvyo7DDJ6bRJuOj+rn9Coj0tn2Xkk=
github.com/budimanjojo/talhelper/v3 v3.0.29/go.mod h1:HRmWwMSXQCu3LsyHyjGIUp4zALoxbM4nCnC5MPTj9uw=
github.com/budimanjojo/talhelper/v3 v3.0.30 h1:x35jT987UWsWCKB7xVZYzVFsFKOXc8kWwHKXrk0R9nY=
github.com/budimanjojo/talhelper/v3 v3.0.30/go.mod h1:WNkit+yzZl2GRWUQYOG3pBR75BWAg5/CH+wGbVpnM8U=
github.com/budimanjojo/talhelper/v3 v3.0.31 h1:YbeFI8cHntCV141yAvdIfYxj1JG/sLoq1vnB5mUsHKo=
github.com/budimanjojo/talhelper/v3 v3.0.31/go.mod h1:4o1U+52+eqhuChn0TyvoRUrklXI1CG7A4Zi3qjRRck8=
github.com/budimanjojo/talhelper/v3 v3.0.32 h1:g+LwPTuZUxRzHBgvJBTNz97y8kazrFBqcLYk1512SIM=
github.com/budimanjojo/talhelper/v3 v3.0.32/go.mod h1:4X+lnm02N/YV6RVRJtHOr/k1Dz+SoMgeoQ8ugtdMgus=
github.com/budimanjojo/talhelper/v3 v3.0.33 h1:diH0u4ZmzpcMcE6AOXl3j0vkTXbNhC1ITdFlcEIzhO8=
github.com/budimanjojo/talhelper/v3 v3.0.33/go.mod h1:Tab/ZeMn2re3Kqhl5IMkkuVv/4qqGoFrMfGjCrwFvkQ=
github.com/budimanjojo/talhelper/v3 v3.0.34 h1:z3nsx+pF0QuU+evSc9Pg87eVVvTR5NDipFZePf7RcCY=
github.com/budimanjojo/talhelper/v3 v3.0.34/go.mod h1:mSaEPiX36qZLlzkub+n3rHmsm3vHym+crL1OwwIqHzI=
github.com/containerd/stargz-snapshotter/estargz v0.15.1 h1:eXJjw9RbkLFgioVaTG+G/ZW/0kEe2oEKCdS/ZxIyoCU=
github.com/containerd/stargz-snapshotter/estargz v0.15.1/go.mod h1:gr2RNwukQ/S9Nv33Lt6UC7xEx58C+LHRdoqbEKjz1Kk=
github.com/containerd/stargz-snapshotter/estargz v0.16.3 h1:7evrXtoh1mSbGj/pfRccTampEyKpjpOnS3CyiV1Ebr8=
github.com/containerd/stargz-snapshotter/estargz v0.16.3/go.mod h1:uyr4BfYfOj3G9WBVE8cOlQmXAbPN9VEQpBBeJIuOipU=
github.com/creack/pty v1.1.9/go.mod h1:oKZEueFk5CKHvIhNR5MUki03XCEU+Q6VDXinZuGJ33E=
github.com/davecgh/go-spew v1.1.0/go.mod h1:J7Y8YcW2NihsgmVo/mv3lAwl/skON4iLHjSsI+c5H38=
github.com/davecgh/go-spew v1.1.1 h1:vj9j/u1bqnvCEfJOwUhtlOARqs3+rkHYY13jYWTU97c=
github.com/davecgh/go-spew v1.1.1/go.mod h1:J7Y8YcW2NihsgmVo/mv3lAwl/skON4iLHjSsI+c5H38=
github.com/docker/cli v24.0.7+incompatible h1:wa/nIwYFW7BVTGa7SWPVyyXU9lgORqUb1xfI36MSkFg=
github.com/docker/cli v24.0.7+incompatible/go.mod h1:JLrzqnKDaYBop7H2jaqPtU4hHvMKP+vjCwu2uszcLI8=
github.com/docker/cli v27.1.1+incompatible h1:goaZxOqs4QKxznZjjBWKONQci/MywhtRv2oNn0GkeZE=
github.com/docker/cli v27.1.1+incompatible/go.mod h1:JLrzqnKDaYBop7H2jaqPtU4hHvMKP+vjCwu2uszcLI8=
github.com/docker/cli v27.5.0+incompatible h1:aMphQkcGtpHixwwhAXJT1rrK/detk2JIvDaFkLctbGM=
github.com/docker/cli v27.5.0+incompatible/go.mod h1:JLrzqnKDaYBop7H2jaqPtU4hHvMKP+vjCwu2uszcLI8=
github.com/docker/cli v28.1.1+incompatible h1:eyUemzeI45DY7eDPuwUcmDyDj1pM98oD5MdSpiItp8k=
github.com/docker/cli v28.1.1+incompatible/go.mod h1:JLrzqnKDaYBop7H2jaqPtU4hHvMKP+vjCwu2uszcLI8=
github.com/docker/cli v28.2.2+incompatible h1:qzx5BNUDFqlvyq4AHzdNB7gSyVTmU4cgsyN9SdInc1A=
github.com/docker/cli v28.2.2+incompatible/go.mod h1:JLrzqnKDaYBop7H2jaqPtU4hHvMKP+vjCwu2uszcLI8=
github.com/docker/distribution v2.8.3+incompatible h1:AtKxIZ36LoNK51+Z6RpzLpddBirtxJnzDrHLEKxTAYk=
github.com/docker/distribution v2.8.3+incompatible/go.mod h1:J2gT2udsDAN96Uj4KfcMRqY0/ypR+oyYUYmja8H+y+w=
github.com/docker/docker v24.0.7+incompatible h1:Wo6l37AuwP3JaMnZa226lzVXGA3F9Ig1seQen0cKYlM=
github.com/docker/docker v24.0.7+incompatible/go.mod h1:eEKB0N0r5NX/I1kEveEz05bcu8tLC/8azJZsviup8Sk=
github.com/docker/docker v27.5.0+incompatible/go.mod h1:eEKB0N0r5NX/I1kEveEz05bcu8tLC/8azJZsviup8Sk=
github.com/docker/docker v28.1.1+incompatible/go.mod h1:eEKB0N0r5NX/I1kEveEz05bcu8tLC/8azJZsviup8Sk=
github.com/docker/docker v28.2.2+incompatible/go.mod h1:eEKB0N0r5NX/I1kEveEz05bcu8tLC/8azJZsviup8Sk=
github.com/docker/docker-credential-helpers v0.8.0 h1:YQFtbBQb4VrpoPxhFuzEBPQ9E16qz5SpHLS+uswaCp8=
github.com/docker/docker-credential-helpers v0.8.0/go.mod h1:UGFXcuoQ5TxPiB54nHOZ32AWRqQdECoh/Mg0AlEYb40=
github.com/docker/docker-credential-helpers v0.8.2 h1:bX3YxiGzFP5sOXWc3bTPEXdEaZSeVMrFgOr3T+zrFAo=
github.com/docker/docker-credential-helpers v0.8.2/go.mod h1:P3ci7E3lwkZg6XiHdRKft1KckHiO9a2rNtyFbZ/ry9M=
github.com/docker/docker-credential-helpers v0.9.3 h1:gAm/VtF9wgqJMoxzT3Gj5p4AqIjCBS4wrsOh9yRqcz8=
github.com/docker/docker-credential-helpers v0.9.3/go.mod h1:x+4Gbw9aGmChi3qTLZj8Dfn0TD20M/fuWy0E5+WDeCo=
github.com/google/go-cmp v0.6.0 h1:ofyhxvXcZhMsU5ulbFiLKl/XBFqE1GSq7atu8tAmTRI=
github.com/google/go-cmp v0.6.0/go.mod h1:17dUlkBOakJ0+DkrSSNjCkIjxS6bF9zb3elmeNGIjoY=
github.com/google/go-containerregistry v0.19.2 h1:TannFKE1QSajsP6hPWb5oJNgKe1IKjHukIKDUmvsV6w=
github.com/google/go-containerregistry v0.19.2/go.mod h1:YCMFNQeeXeLF+dnhhWkqDItx/JSkH01j1Kis4PsjzFI=
github.com/google/go-containerregistry v0.20.0 h1:wRqHpOeVh3DnenOrPy9xDOLdnLatiGuuNRVelR2gSbg=
github.com/google/go-containerregistry v0.20.0/go.mod h1:YCMFNQeeXeLF+dnhhWkqDItx/JSkH01j1Kis4PsjzFI=
github.com/google/go-containerregistry v0.20.1 h1:eTgx9QNYugV4DN5mz4U8hiAGTi1ybXn0TPi4Smd8du0=
github.com/google/go-containerregistry v0.20.1/go.mod h1:YCMFNQeeXeLF+dnhhWkqDItx/JSkH01j1Kis4PsjzFI=
github.com/google/go-containerregistry v0.20.2 h1:B1wPJ1SN/S7pB+ZAimcciVD+r+yV/l/DSArMxlbwseo=
github.com/google/go-containerregistry v0.20.2/go.mod h1:z38EKdKh4h7IP2gSfUUqEvalZBqs6AoLeWfUy34nQC8=
github.com/google/go-containerregistry v0.20.3 h1:oNx7IdTI936V8CQRveCjaxOiegWwvM7kqkbXTpyiovI=
github.com/google/go-containerregistry v0.20.3/go.mod h1:w00pIgBRDVUDFM6bq+Qx8lwNWK+cxgCuX1vd3PIBDNI=
github.com/google/go-containerregistry v0.20.4 h1:w/Fdj3ef046SdV/GJU69cCnreaLpqbTo1X9XPyHbkd4=
github.com/google/go-containerregistry v0.20.4/go.mod h1:Q14vdOOzug02bwnhMkZKD4e30pDaD9W65qzXpyzF49E=
github.com/google/go-containerregistry v0.20.5 h1:4RnlYcDs5hoA++CeFjlbZ/U9Yp1EuWr+UhhTyYQjOP0=
github.com/google/go-containerregistry v0.20.5/go.mod h1:Q14vdOOzug02bwnhMkZKD4e30pDaD9W65qzXpyzF49E=
github.com/google/go-containerregistry v0.20.6 h1:cvWX87UxxLgaH76b4hIvya6Dzz9qHB31qAwjAohdSTU=
github.com/google/go-containerregistry v0.20.6/go.mod h1:T0x8MuoAoKX/873bkeSfLD2FAkwCDf9/HZgsFJ02E2Y=
github.com/klauspost/compress v1.17.4 h1:Ej5ixsIri7BrIjBkRZLTo6ghwrEtHFk7ijlczPW4fZ4=
github.com/klauspost/compress v1.17.4/go.mod h1:/dCuZOvVtNoHsyb+cuJD3itjs3NbnF6KH9zAO4BDxPM=
github.com/klauspost/compress v1.17.11 h1:In6xLpyWOi1+C7tXUUWv2ot1QvBjxevKAaI6IXrJmUc=
github.com/klauspost/compress v1.17.11/go.mod h1:pMDklpSncoRMuLFrf1W9Ss9KT+0rH90U12bZKk7uwG0=
github.com/klauspost/compress v1.18.0 h1:c/Cqfb0r+Yi+JtIEq73FWXVkRonBlf0CRNYc8Zttxdo=
github.com/klauspost/compress v1.18.0/go.mod h1:2Pp+KzxcywXVXMr50+X0Q/Lsb43OQHYWRCY2AiWywWQ=
github.com/kr/pretty v0.3.1 h1:flRD4NNwYAUpkphVc1HcthR4KEIFJ65n8Mw5qdRn3LE=
github.com/kr/pretty v0.3.1/go.mod h1:hoEshYVHaxMs3cyo3Yncou5ZscifuDolrwPKZanG3xk=
github.com/kr/text v0.2.0 h1:5Nx0Ya0ZqY2ygV366QzturHI13Jq95ApcVaJBhpS+AY=
github.com/kr/text v0.2.0/go.mod h1:eLer722TekiGuMkidMxC/pM04lWEeraHUUmBw8l2grE=
github.com/mitchellh/go-homedir v1.1.0 h1:lukF9ziXFxDFPkA1vsr5zpc1XuPDn/wFntq5mG+4E0Y=
github.com/mitchellh/go-homedir v1.1.0/go.mod h1:SfyaCUpYCn1Vlf4IUYiD9fPX4A5wJrkLzIz1N1q0pr0=
github.com/opencontainers/go-digest v1.0.0 h1:apOUWs51W5PlhuyGyz9FCeeBIOUDA/6nW8Oi/yOhh5U=
github.com/opencontainers/go-digest v1.0.0/go.mod h1:0JzlMkj0TRzQZfJkVvzbP0HBR3IKzErnv2BNG4W4MAM=
github.com/opencontainers/image-spec v1.1.0-rc5 h1:Ygwkfw9bpDvs+c9E34SdgGOj41dX/cbdlwvlWt0pnFI=
github.com/opencontainers/image-spec v1.1.0-rc5/go.mod h1:X4pATf0uXsnn3g5aiGIsVnJBR4mxhKzfwmvK/B2NTm8=
github.com/opencontainers/image-spec v1.1.0 h1:8SG7/vwALn54lVB/0yZ/MMwhFrPYtpEHQb2IpWsCzug=
github.com/opencontainers/image-spec v1.1.0/go.mod h1:W4s4sFTMaBeK1BQLXbG4AdM2szdn85PY75RI83NrTrM=
github.com/opencontainers/image-spec v1.1.1 h1:y0fUlFfIZhPF1W537XOLg0/fcx6zcHCJwooC2xJA040=
github.com/opencontainers/image-spec v1.1.1/go.mod h1:qpqAh3Dmcf36wStyyWU+kCeDgrGnAve2nCC8+7h8Q0M=
github.com/pkg/diff v0.0.0-20210226163009-20ebb0f2a09e/go.mod h1:pJLUxLENpZxwdsKMEsNbx1VGcRFpLqf3715MtcvvzbA=
github.com/pkg/errors v0.9.1 h1:FEBLx1zS214owpjy7qsBeixbURkuhQAwrK5UwLGTwt4=
github.com/pkg/errors v0.9.1/go.mod h1:bwawxfHBFNV+L2hUp1rHADufV3IMtnDRdf1r5NINEl0=
github.com/pmezard/go-difflib v1.0.0 h1:4DBwDE0NGyQoBHbLQYPwSUPoCMWR5BEzIk/f1lZbAQM=
github.com/pmezard/go-difflib v1.0.0/go.mod h1:iKH77koFhYxTK1pcRnkKkqfTogsbg7gZNVY4sRDYZ/4=
github.com/rogpeppe/go-internal v1.9.0 h1:73kH8U+JUqXU8lRuOHeVHaa/SZPifC7BkcraZVejAe8=
github.com/rogpeppe/go-internal v1.9.0/go.mod h1:WtVeX8xhTBvf0smdhujwtBcq4Qrzq/fJaraNFVN+nFs=
github.com/sirupsen/logrus v1.9.3 h1:dueUQJ1C2q9oE3F7wvmSGAaVtTmUizReu6fjN8uqzbQ=
github.com/sirupsen/logrus v1.9.3/go.mod h1:naHLuLoDiP4jHNo9R0sCBMtWGeIprob74mVsIT4qYEQ=
github.com/stretchr/objx v0.1.0/go.mod h1:HFkY916IF+rwdDfMAkV7OtwuqBVzrE8GR6GFx+wExME=
github.com/stretchr/testify v1.7.0/go.mod h1:6Fq8oRcR53rry900zMqJjRRixrwX3KX962/h/Wwjteg=
github.com/stretchr/testify v1.8.4 h1:CcVxjf3Q8PM0mHUKJCdn+eZZtm5yQwehR5yeSVQQcUk=
github.com/stretchr/testify v1.8.4/go.mod h1:sz/lmYIOXD/1dqDmKjjqLyZ2RngseejIcXlSw2iwfAo=
github.com/stretchr/testify v1.9.0/go.mod h1:r2ic/lqez/lEtzL7wO/rwa5dbSLXVDPFyf8C91i36aY=
github.com/vbatts/tar-split v0.11.5 h1:3bHCTIheBm1qFTcgh9oPu+nNBtX+XJIupG/vacinCts=
github.com/vbatts/tar-split v0.11.5/go.mod h1:yZbwRsSeGjusneWgA781EKej9HF8vme8okylkAeNKLk=
github.com/vbatts/tar-split v0.11.6 h1:4SjTW5+PU11n6fZenf2IPoV8/tz3AaYHMWjf23envGs=
github.com/vbatts/tar-split v0.11.6/go.mod h1:dqKNtesIOr2j2Qv3W/cHjnvk9I8+G7oAkFDFN6TCBEI=
github.com/vbatts/tar-split v0.12.1 h1:CqKoORW7BUWBe7UL/iqTVvkTBOF8UvOMKOIZykxnnbo=
github.com/vbatts/tar-split v0.12.1/go.mod h1:eF6B6i6ftWQcDqEn3/iGFRFRo8cBIMSJVOpnNdfTMFA=
golang.org/x/mod v0.18.0 h1:5+9lSbEzPSdWkH32vYPBwEpX8KwDbM52Ud9xBUvNlb0=
golang.org/x/mod v0.18.0/go.mod h1:hTbmBsO62+eylJbnUtE2MGJUyE7QWk4xUqPFrRgJ+7c=
golang.org/x/mod v0.19.0 h1:fEdghXQSo20giMthA7cd28ZC+jts4amQ3YMXiP5oMQ8=
golang.org/x/mod v0.19.0/go.mod h1:hTbmBsO62+eylJbnUtE2MGJUyE7QWk4xUqPFrRgJ+7c=
golang.org/x/mod v0.20.0 h1:utOm6MM3R3dnawAiJgn0y+xvuYRsm1RKM/4giyfDgV0=
golang.org/x/mod v0.20.0/go.mod h1:hTbmBsO62+eylJbnUtE2MGJUyE7QWk4xUqPFrRgJ+7c=
golang.org/x/mod v0.21.0 h1:vvrHzRwRfVKSiLrG+d4FMl/Qi4ukBCE6kZlTUkDYRT0=
golang.org/x/mod v0.21.0/go.mod h1:6SkKJ3Xj0I0BrPOZoBy3bdMptDDU9oJrpohJ3eWZ1fY=
golang.org/x/mod v0.22.0 h1:D4nJWe9zXqHOmWqj4VMOJhvzj7bEZg4wEYa759z1pH4=
golang.org/x/mod v0.22.0/go.mod h1:6SkKJ3Xj0I0BrPOZoBy3bdMptDDU9oJrpohJ3eWZ1fY=
golang.org/x/mod v0.23.0 h1:Zb7khfcRGKk+kqfxFaP5tZqCnDZMjC5VtUBs87Hr6QM=
golang.org/x/mod v0.23.0/go.mod h1:6SkKJ3Xj0I0BrPOZoBy3bdMptDDU9oJrpohJ3eWZ1fY=
golang.org/x/mod v0.24.0 h1:ZfthKaKaT4NrhGVZHO1/WDTwGES4De8KtWO0SIbNJMU=
golang.org/x/mod v0.24.0/go.mod h1:IXM97Txy2VM4PJ3gI61r1YEk/gAj6zAHN3AdZt6S9Ww=
golang.org/x/mod v0.25.0 h1:n7a+ZbQKQA/Ysbyb0/6IbB1H/X41mKgbhfv7AfG/44w=
golang.org/x/mod v0.25.0/go.mod h1:IXM97Txy2VM4PJ3gI61r1YEk/gAj6zAHN3AdZt6S9Ww=
golang.org/x/mod v0.26.0 h1:EGMPT//Ezu+ylkCijjPc+f4Aih7sZvaAr+O3EHBxvZg=
golang.org/x/mod v0.26.0/go.mod h1:/j6NAhSk8iQ723BGAUyoAcn7SlD7s15Dp9Nd/SfeaFQ=
golang.org/x/mod v0.27.0 h1:kb+q2PyFnEADO2IEF935ehFUXlWiNjJWtRNgBLSfbxQ=
golang.org/x/mod v0.27.0/go.mod h1:rWI627Fq0DEoudcK+MBkNkCe0EetEaDSwJJkCcjpazc=
golang.org/x/sync v0.7.0 h1:YsImfSBoP9QPYL0xyKJPq0gcaJdG3rInoqxTWbfQu9M=
golang.org/x/sync v0.7.0/go.mod h1:Czt+wKu1gCyEFDUtn0jG5QVvpJ6rzVqr5aXyt9drQfk=
golang.org/x/sync v0.8.0 h1:3NFvSEYkUoMifnESzZl15y791HH1qU2xm6eCJU5ZPXQ=
golang.org/x/sync v0.8.0/go.mod h1:Czt+wKu1gCyEFDUtn0jG5QVvpJ6rzVqr5aXyt9drQfk=
golang.org/x/sync v0.10.0 h1:3NQrjDixjgGwUOCaF8w2+VYHv0Ve/vGYSbdkTa98gmQ=
golang.org/x/sync v0.10.0/go.mod h1:Czt+wKu1gCyEFDUtn0jG5QVvpJ6rzVqr5aXyt9drQfk=
golang.org/x/sync v0.11.0 h1:GGz8+XQP4FvTTrjZPzNKTMFtSXH80RAzG+5ghFPgK9w=
golang.org/x/sync v0.11.0/go.mod h1:Czt+wKu1gCyEFDUtn0jG5QVvpJ6rzVqr5aXyt9drQfk=
golang.org/x/sync v0.13.0 h1:AauUjRAJ9OSnvULf/ARrrVywoJDy0YS2AwQ98I37610=
golang.org/x/sync v0.13.0/go.mod h1:1dzgHSNfp02xaA81J2MS99Qcpr2w7fw1gpm99rleRqA=
golang.org/x/sync v0.14.0 h1:woo0S4Yywslg6hp4eUFjTVOyKt0RookbpAHG4c1HmhQ=
golang.org/x/sync v0.14.0/go.mod h1:1dzgHSNfp02xaA81J2MS99Qcpr2w7fw1gpm99rleRqA=
golang.org/x/sync v0.15.0 h1:KWH3jNZsfyT6xfAfKiz6MRNmd46ByHDYaZ7KSkCtdW8=
golang.org/x/sync v0.15.0/go.mod h1:1dzgHSNfp02xaA81J2MS99Qcpr2w7fw1gpm99rleRqA=
golang.org/x/sync v0.16.0 h1:ycBJEhp9p4vXvUZNszeOq0kGTPghopOL8q0fq3vstxw=
golang.org/x/sync v0.16.0/go.mod h1:1dzgHSNfp02xaA81J2MS99Qcpr2w7fw1gpm99rleRqA=
golang.org/x/sys v0.0.0-20220715151400-c0bba94af5f8/go.mod h1:oPkhp1MJrh7nUepCBck5+mAzfO9JrbApNNgaTdGDITg=
golang.org/x/sys v0.20.0 h1:Od9JTbYCk261bKm4M/mw7AklTlFYIa0bIp9BgSm1S8Y=
golang.org/x/sys v0.20.0/go.mod h1:/VUhepiaJMQUp4+oa/7Zr1D23ma6VTLIYjOOTFZPUcA=
golang.org/x/sys v0.21.0 h1:rF+pYz3DAGSQAxAu1CbC7catZg4ebC4UIeIhKxBZvws=
golang.org/x/sys v0.21.0/go.mod h1:/VUhepiaJMQUp4+oa/7Zr1D23ma6VTLIYjOOTFZPUcA=
golang.org/x/sys v0.24.0 h1:Twjiwq9dn6R1fQcyiK+wQyHWfaz/BJB+YIpzU/Cv3Xg=
golang.org/x/sys v0.24.0/go.mod h1:/VUhepiaJMQUp4+oa/7Zr1D23ma6VTLIYjOOTFZPUcA=
golang.org/x/sys v0.25.0 h1:r+8e+loiHxRqhXVl6ML1nO3l1+oFoWbnlu2Ehimmi34=
golang.org/x/sys v0.25.0/go.mod h1:/VUhepiaJMQUp4+oa/7Zr1D23ma6VTLIYjOOTFZPUcA=
golang.org/x/sys v0.26.0 h1:KHjCJyddX0LoSTb3J+vWpupP9p0oznkqVk/IfjymZbo=
golang.org/x/sys v0.26.0/go.mod h1:/VUhepiaJMQUp4+oa/7Zr1D23ma6VTLIYjOOTFZPUcA=
golang.org/x/sys v0.28.0 h1:Fksou7UEQUWlKvIdsqzJmUmCX3cZuD2+P3XyyzwMhlA=
golang.org/x/sys v0.28.0/go.mod h1:/VUhepiaJMQUp4+oa/7Zr1D23ma6VTLIYjOOTFZPUcA=
golang.org/x/sys v0.29.0 h1:TPYlXGxvx1MGTn2GiZDhnjPA9wZzZeGKHHmKhHYvgaU=
golang.org/x/sys v0.29.0/go.mod h1:/VUhepiaJMQUp4+oa/7Zr1D23ma6VTLIYjOOTFZPUcA=
golang.org/x/sys v0.30.0 h1:QjkSwP/36a20jFYWkSue1YwXzLmsV5Gfq7Eiy72C1uc=
golang.org/x/sys v0.30.0/go.mod h1:/VUhepiaJMQUp4+oa/7Zr1D23ma6VTLIYjOOTFZPUcA=
golang.org/x/sys v0.32.0 h1:s77OFDvIQeibCmezSnk/q6iAfkdiQaJi4VzroCFrN20=
golang.org/x/sys v0.32.0/go.mod h1:BJP2sWEmIv4KK5OTEluFJCKSidICx8ciO85XgH3Ak8k=
golang.org/x/sys v0.33.0 h1:q3i8TbbEz+JRD9ywIRlyRAQbM0qF7hu24q3teo2hbuw=
golang.org/x/sys v0.33.0/go.mod h1:BJP2sWEmIv4KK5OTEluFJCKSidICx8ciO85XgH3Ak8k=
golang.org/x/sys v0.34.0 h1:H5Y5sJ2L2JRdyv7ROF1he/lPdvFsd0mJHFw2ThKHxLA=
golang.org/x/sys v0.34.0/go.mod h1:BJP2sWEmIv4KK5OTEluFJCKSidICx8ciO85XgH3Ak8k=
gopkg.in/check.v1 v0.0.0-20161208181325-20d25e280405/go.mod h1:Co6ibVJAznAaIkqp8huTwlJQCZ016jof/cbN4VW5Yz0=
gopkg.in/check.v1 v1.0.0-20201130134442-10cb98267c6c h1:Hei/4ADfdWqJk1ZMxUNpqntNwaWcugrBjAiHlqqRiVk=
gopkg.in/check.v1 v1.0.0-20201130134442-10cb98267c6c/go.mod h1:JHkPIbrfpd72SG/EVd6muEfDQjcINNoR0C8j2r3qZ4Q=
gopkg.in/yaml.v3 v3.0.0-20200313102051-9f266ea9e77c/go.mod h1:K4uyk7z7BCEPqu6E+C64Yfv1cQ7kz7rIZviUmN+EgEM=
gopkg.in/yaml.v3 v3.0.1 h1:fxVm/GzAzEWqLHuvctI91KS9hhNmmWOoWu0XTYJS7CA=
gopkg.in/yaml.v3 v3.0.1/go.mod h1:K4uyk7z7BCEPqu6E+C64Yfv1cQ7kz7rIZviUmN+EgEM=
gotest.tools/v3 v3.0.3 h1:4AuOwCGf4lLR9u3YOe2awrHygurzhO/HeQ6laiA6Sx0=
gotest.tools/v3 v3.0.3/go.mod h1:Z7Lb0S5l+klDB31fvDQX8ss/FlKDxtlFlw3Oa8Ymbl8=
